
Microsoft Visual Studio Solution File, Format Version 12.00
# Visual Studio Version 16
VisualStudioVersion = 16.0.30804.86
MinimumVisualStudioVersion = 10.0.40219.1
Project("{FAE04EC0-301F-11D3-BF4B-00C04F79EFBC}") = "Opdracht1John", "overloadingExercise\Opdracht1John.csproj", "{AB961B52-EDF8-45A6-8EEE-0BEAB2622029}"
EndProject
Global
	GlobalSection(SolutionConfigurationPlatforms) = preSolution
		Debug|Any CPU = Debug|Any CPU
		Release|Any CPU = Release|Any CPU
	EndGlobalSection
	GlobalSection(ProjectConfigurationPlatforms) = postSolution
		{AB961B52-EDF8-45A6-8EEE-0BEAB2622029}.Debug|Any CPU.ActiveCfg = Debug|Any CPU
		{AB961B52-EDF8-45A6-8EEE-0BEAB2622029}.Debug|Any CPU.Build.0 = Debug|Any CPU
		{AB961B52-EDF8-45A6-8EEE-0BEAB2622029}.Release|Any CPU.ActiveCfg = Release|Any CPU
		{AB961B52-EDF8-45A6-8EEE-0BEAB2622029}.Release|Any CPU.Build.0 = Release|Any CPU
	EndGlobalSection
	GlobalSection(SolutionProperties) = preSolution
		HideSolutionNode = FALSE
	EndGlobalSection
	GlobalSection(ExtensibilityGlobals) = postSolution
		SolutionGuid = {7A14F878-F927-4626-A03E-A164E523C868}
	EndGlobalSection
EndGlobal
